
Microsoft Visual Studio Solution File, Format Version 12.00
Project("{FAE04EC0-301F-11D3-BF4B-00C04F79EFBC}") = "TP3", "TP3\TP3.csproj", "{FA59E626-37AE-45E2-9CD0-1E0F5F0A3416}"
EndProject
Global
	GlobalSection(SolutionConfigurationPlatforms) = preSolution
		Debug|Any CPU = Debug|Any CPU
		Release|Any CPU = Release|Any CPU
	EndGlobalSection
	GlobalSection(ProjectConfigurationPlatforms) = postSolution
		{FA59E626-37AE-45E2-9CD0-1E0F5F0A3416}.Debug|Any CPU.ActiveCfg = Debug|Any CPU
		{FA59E626-37AE-45E2-9CD0-1E0F5F0A3416}.Debug|Any CPU.Build.0 = Debug|Any CPU
		{FA59E626-37AE-45E2-9CD0-1E0F5F0A3416}.Release|Any CPU.ActiveCfg = Release|Any CPU
		{FA59E626-37AE-45E2-9CD0-1E0F5F0A3416}.Release|Any CPU.Build.0 = Release|Any CPU
	EndGlobalSection
EndGlobal
